
Microsoft Visual Studio Solution File, Format Version 12.00
# Visual Studio Version 16
VisualStudioVersion = 16.0.30523.141
MinimumVisualStudioVersion = 10.0.40219.1
Project("{FAE04EC0-301F-11D3-BF4B-00C04F79EFBC}") = "Sample.Kafka.Mysql", "Sample.Kafka.Mysql\Sample.Kafka.Mysql.csproj", "{A5D1473F-560E-41EB-8CAA-517484433466}"
EndProject
Project("{FAE04EC0-301F-11D3-BF4B-00C04F79EFBC}") = "Sample.Kafka.PostgreSQL", "Sample.Kafka.PostgreSQL\Sample.Kafka.PostgreSQL.csproj", "{D037E224-8EB6-44FD-9DBE-AD7ADED721B2}"
EndProject
Project("{FAE04EC0-301F-11D3-BF4B-00C04F79EFBC}") = "Sample.Memory", "Sample.Memory\Sample.Memory.csproj", "{15C65755-54CE-45AA-9EA8-876148665631}"
EndProject
Project("{FAE04EC0-301F-11D3-BF4B-00C04F79EFBC}") = "Sample.Rabbit.Mysql", "Sample.Rabbit.Mysql\Sample.Rabbit.Mysql.csproj", "{27B463CE-8AF9-4F11-B67A-9043FD294C1F}"
EndProject
Project("{FAE04EC0-301F-11D3-BF4B-00C04F79EFBC}") = "Sample.Rabbit.PostgreSQL", "Sample.Rabbit.PostgreSQL\Sample.Rabbit.PostgreSQL.csproj", "{A0028A72-F11C-4D92-9047-341BFC2AEC76}"
EndProject
Project("{FAE04EC0-301F-11D3-BF4B-00C04F79EFBC}") = "Sample.Rabbit.SqlServer", "Sample.Rabbit.SqlServer\Sample.Rabbit.SqlServer.csproj", "{AB0134A5-91CA-4063-9161-E640AE858A25}"
EndProject
Project("{FAE04EC0-301F-11D3-BF4B-00C04F79EFBC}") = "SampleBase", "SampleBase\SampleBase.csproj", "{6AF7EE38-09DC-40F1-92CE-F496D9C15968}"
EndProject
Global
	GlobalSection(SolutionConfigurationPlatforms) = preSolution
		Debug|Any CPU = Debug|Any CPU
		Release|Any CPU = Release|Any CPU
	EndGlobalSection
	GlobalSection(ProjectConfigurationPlatforms) = postSolution
		{A5D1473F-560E-41EB-8CAA-517484433466}.Debug|Any CPU.ActiveCfg = Debug|Any CPU
		{A5D1473F-560E-41EB-8CAA-517484433466}.Debug|Any CPU.Build.0 = Debug|Any CPU
		{A5D1473F-560E-41EB-8CAA-517484433466}.Release|Any CPU.ActiveCfg = Release|Any CPU
		{A5D1473F-560E-41EB-8CAA-517484433466}.Release|Any CPU.Build.0 = Release|Any CPU
		{D037E224-8EB6-44FD-9DBE-AD7ADED721B2}.Debug|Any CPU.ActiveCfg = Debug|Any CPU
		{D037E224-8EB6-44FD-9DBE-AD7ADED721B2}.Debug|Any CPU.Build.0 = Debug|Any CPU
		{D037E224-8EB6-44FD-9DBE-AD7ADED721B2}.Release|Any CPU.ActiveCfg = Release|Any CPU
		{D037E224-8EB6-44FD-9DBE-AD7ADED721B2}.Release|Any CPU.Build.0 = Release|Any CPU
		{15C65755-54CE-45AA-9EA8-876148665631}.Debug|Any CPU.ActiveCfg = Debug|Any CPU
		{15C65755-54CE-45AA-9EA8-876148665631}.Debug|Any CPU.Build.0 = Debug|Any CPU
		{15C65755-54CE-45AA-9EA8-876148665631}.Release|Any CPU.ActiveCfg = Release|Any CPU
		{15C65755-54CE-45AA-9EA8-876148665631}.Release|Any CPU.Build.0 = Release|Any CPU
		{27B463CE-8AF9-4F11-B67A-9043FD294C1F}.Debug|Any CPU.ActiveCfg = Debug|Any CPU
		{27B463CE-8AF9-4F11-B67A-9043FD294C1F}.Debug|Any CPU.Build.0 = Debug|Any CPU
		{27B463CE-8AF9-4F11-B67A-9043FD294C1F}.Release|Any CPU.ActiveCfg = Release|Any CPU
		{27B463CE-8AF9-4F11-B67A-9043FD294C1F}.Release|Any CPU.Build.0 = Release|Any CPU
		{A0028A72-F11C-4D92-9047-341BFC2AEC76}.Debug|Any CPU.ActiveCfg = Debug|Any CPU
		{A0028A72-F11C-4D92-9047-341BFC2AEC76}.Debug|Any CPU.Build.0 = Debug|Any CPU
		{A0028A72-F11C-4D92-9047-341BFC2AEC76}.Release|Any CPU.ActiveCfg = Release|Any CPU
		{A0028A72-F11C-4D92-9047-341BFC2AEC76}.Release|Any CPU.Build.0 = Release|Any CPU
		{AB0134A5-91CA-4063-9161-E640AE858A25}.Debug|Any CPU.ActiveCfg = Debug|Any CPU
		{AB0134A5-91CA-4063-9161-E640AE858A25}.Debug|Any CPU.Build.0 = Debug|Any CPU
		{AB0134A5-91CA-4063-9161-E640AE858A25}.Release|Any CPU.ActiveCfg = Release|Any CPU
		{AB0134A5-91CA-4063-9161-E640AE858A25}.Release|Any CPU.Build.0 = Release|Any CPU
		{6AF7EE38-09DC-40F1-92CE-F496D9C15968}.Debug|Any CPU.ActiveCfg = Debug|Any CPU
		{6AF7EE38-09DC-40F1-92CE-F496D9C15968}.Debug|Any CPU.Build.0 = Debug|Any CPU
		{6AF7EE38-09DC-40F1-92CE-F496D9C15968}.Release|Any CPU.ActiveCfg = Release|Any CPU
		{6AF7EE38-09DC-40F1-92CE-F496D9C15968}.Release|Any CPU.Build.0 = Release|Any CPU
	EndGlobalSection
	GlobalSection(SolutionProperties) = preSolution
		HideSolutionNode = FALSE
	EndGlobalSection
	GlobalSection(NestedProjects) = preSolution
	EndGlobalSection
	GlobalSection(ExtensibilityGlobals) = postSolution
		SolutionGuid = {729D4F44-0236-45DD-B26E-9DEE0CA5908A}
	EndGlobalSection
EndGlobal
