
Microsoft Visual Studio Solution File, Format Version 12.00
# Visual Studio Version 17
VisualStudioVersion = 17.0.31903.59
MinimumVisualStudioVersion = 10.0.40219.1
Project("{9A19103F-16F7-4668-BE54-9A1E7A4F7556}") = "Shashlik.EventBus.MySql", "Shashlik.EventBus.MySql\Shashlik.EventBus.MySql.csproj", "{D2D076C2-FCC0-4908-9007-19E87BF7A644}"
EndProject
Project("{9A19103F-16F7-4668-BE54-9A1E7A4F7556}") = "Shashlik.EventBus.RabbitMQ", "Shashlik.EventBus.RabbitMQ\Shashlik.EventBus.RabbitMQ.csproj", "{5ECE0633-74F1-46A3-A341-F606FBD3581B}"
EndProject
Project("{9A19103F-16F7-4668-BE54-9A1E7A4F7556}") = "Shashlik.EventBus.Abstract", "Shashlik.EventBus.Abstract\Shashlik.EventBus.Abstract.csproj", "{CF90295E-F92C-4198-AAAA-9D219D42B0E4}"
EndProject
Project("{9A19103F-16F7-4668-BE54-9A1E7A4F7556}") = "Shashlik.EventBus", "Shashlik.EventBus\Shashlik.EventBus.csproj", "{4F29E4F3-70F3-4C2A-B958-A60FF467626A}"
EndProject
Project("{2150E333-8FDC-42A3-9474-1A3956D46DE8}") = ".build", ".build", "{D22B2A9A-73F7-46DF-8395-5874FD1447B6}"
	ProjectSection(SolutionItems) = preProject
		..\common.xml = ..\common.xml
		..\.github\workflows\nuget-push.yml = ..\.github\workflows\nuget-push.yml
		..\.github\workflows\test.yml = ..\.github\workflows\test.yml
	EndProjectSection
EndProject
Project("{9A19103F-16F7-4668-BE54-9A1E7A4F7556}") = "Shashlik.EventBus.Kafka", "Shashlik.EventBus.Kafka\Shashlik.EventBus.Kafka.csproj", "{03A6AB99-AC29-409D-80DA-44BA94D6ED76}"
EndProject
Project("{9A19103F-16F7-4668-BE54-9A1E7A4F7556}") = "Shashlik.EventBus.PostgreSQL", "Shashlik.EventBus.PostgreSQL\Shashlik.EventBus.PostgreSQL.csproj", "{90BA6F49-BF60-4D86-B1DE-8DE62E44E8D0}"
EndProject
Project("{9A19103F-16F7-4668-BE54-9A1E7A4F7556}") = "Shashlik.EventBus.MemoryQueue", "Shashlik.EventBus.MemoryQueue\Shashlik.EventBus.MemoryQueue.csproj", "{26E090A3-1289-4A1E-A47F-CDA314CD82B4}"
EndProject
Project("{9A19103F-16F7-4668-BE54-9A1E7A4F7556}") = "Shashlik.EventBus.MemoryStorage", "Shashlik.EventBus.MemoryStorage\Shashlik.EventBus.MemoryStorage.csproj", "{26D9C32A-0CED-404D-8477-1A554C8CCB48}"
EndProject
Project("{9A19103F-16F7-4668-BE54-9A1E7A4F7556}") = "Shashlik.EventBus.SqlServer", "Shashlik.EventBus.SqlServer\Shashlik.EventBus.SqlServer.csproj", "{54F609CD-6E3A-4ED6-8E3E-53DCD597F7F4}"
EndProject
Project("{9A19103F-16F7-4668-BE54-9A1E7A4F7556}") = "Shashlik.EventBus.RelationDbStorage", "Shashlik.EventBus.RelationDbStorage\Shashlik.EventBus.RelationDbStorage.csproj", "{37C51439-7225-4AA9-92B0-49E1E6FBCC6D}"
EndProject
Project("{9A19103F-16F7-4668-BE54-9A1E7A4F7556}") = "Shashlik.EventBus.Extensions.EfCore", "Shashlik.EventBus.Extensions.EfCore\Shashlik.EventBus.Extensions.EfCore.csproj", "{973AFEAF-CEF4-4B62-AA9C-F0FA4375F4A7}"
EndProject
Project("{2150E333-8FDC-42A3-9474-1A3956D46DE8}") = ".tests", ".tests", "{91A4AD7C-779D-4399-92E4-5323B9BD40FD}"
EndProject
Project("{2150E333-8FDC-42A3-9474-1A3956D46DE8}") = ".doc", ".doc", "{B0E67A7A-EF6C-4BB3-A35C-785B337740FF}"
	ProjectSection(SolutionItems) = preProject
		..\README.md = ..\README.md
	EndProjectSection
EndProject
Project("{2150E333-8FDC-42A3-9474-1A3956D46DE8}") = "config", "config", "{0B18BA5F-EC61-461D-A1F3-D7D5B74B68A6}"
	ProjectSection(SolutionItems) = preProject
		tests\config.test.yaml = tests\config.test.yaml
	EndProjectSection
EndProject
Project("{FAE04EC0-301F-11D3-BF4B-00C04F79EFBC}") = "Shashlik.EventBus.Dashboard", "Shashlik.EventBus.Dashboard\Shashlik.EventBus.Dashboard.csproj", "{D0D90F87-AC09-44BA-B637-E71627386572}"
EndProject
Project("{FAE04EC0-301F-11D3-BF4B-00C04F79EFBC}") = "CommonTestLogical", "tests\CommonTestLogical\CommonTestLogical.csproj", "{51F5A814-6042-4D64-8A29-F320D5474EE2}"
EndProject
Project("{FAE04EC0-301F-11D3-BF4B-00C04F79EFBC}") = "Shashlik.EventBus.Kafka.MsgWithoutLosing.Tests", "tests\Shashlik.EventBus.Kafka.MsgWithoutLosing.Tests\Shashlik.EventBus.Kafka.MsgWithoutLosing.Tests.csproj", "{79C2FC0F-00CA-4A4C-AA36-A99D98FB5991}"
EndProject
Project("{FAE04EC0-301F-11D3-BF4B-00C04F79EFBC}") = "Shashlik.EventBus.Kafka.Tests", "tests\Shashlik.EventBus.Kafka.Tests\Shashlik.EventBus.Kafka.Tests.csproj", "{E2EA68A5-D253-4060-96AA-CA853C74C7E0}"
EndProject
Project("{FAE04EC0-301F-11D3-BF4B-00C04F79EFBC}") = "Shashlik.EventBus.MemoryStorage.Tests", "tests\Shashlik.EventBus.MemoryStorage.Tests\Shashlik.EventBus.MemoryStorage.Tests.csproj", "{7477DFCC-BDDC-498A-A5E7-34E876DE64C2}"
EndProject
Project("{FAE04EC0-301F-11D3-BF4B-00C04F79EFBC}") = "Shashlik.EventBus.MySql.Tests", "tests\Shashlik.EventBus.MySql.Tests\Shashlik.EventBus.MySql.Tests.csproj", "{9DD7AAC8-0F26-4D0A-9AE3-5AD5D8DB7B87}"
EndProject
Project("{FAE04EC0-301F-11D3-BF4B-00C04F79EFBC}") = "Shashlik.EventBus.PostgreSQL.Tests", "tests\Shashlik.EventBus.PostgreSQL.Tests\Shashlik.EventBus.PostgreSQL.Tests.csproj", "{A485C9B6-2348-4A6C-9BEC-445BC0ED1CA7}"
EndProject
Project("{FAE04EC0-301F-11D3-BF4B-00C04F79EFBC}") = "Shashlik.EventBus.RabbitMQ.MsgWithoutLosing.Tests", "tests\Shashlik.EventBus.RabbitMQ.MsgWithoutLosing.Tests\Shashlik.EventBus.RabbitMQ.MsgWithoutLosing.Tests.csproj", "{2ECFEF64-F757-448E-BF02-0EECD746CDB4}"
EndProject
Project("{FAE04EC0-301F-11D3-BF4B-00C04F79EFBC}") = "Shashlik.EventBus.RabbitMQ.Tests", "tests\Shashlik.EventBus.RabbitMQ.Tests\Shashlik.EventBus.RabbitMQ.Tests.csproj", "{A9EEBA66-1919-4858-8E76-F8657CAFD03E}"
EndProject
Project("{FAE04EC0-301F-11D3-BF4B-00C04F79EFBC}") = "Shashlik.EventBus.SendMsgWithoutLosing.Tests", "tests\Shashlik.EventBus.SendMsgWithoutLosing.Tests\Shashlik.EventBus.SendMsgWithoutLosing.Tests.csproj", "{6E48906E-AE49-449B-916D-72F0CECFBAE4}"
EndProject
Project("{FAE04EC0-301F-11D3-BF4B-00C04F79EFBC}") = "Shashlik.EventBus.SqlServer.Tests", "tests\Shashlik.EventBus.SqlServer.Tests\Shashlik.EventBus.SqlServer.Tests.csproj", "{714DE6CF-44DD-4E4B-ACEC-D3D902F0639E}"
EndProject
Project("{FAE04EC0-301F-11D3-BF4B-00C04F79EFBC}") = "Shashlik.EventBus.Tests", "tests\Shashlik.EventBus.Tests\Shashlik.EventBus.Tests.csproj", "{8BDE4317-F2FE-48FD-AE8C-27F469476FF1}"
EndProject
Global
	GlobalSection(SolutionConfigurationPlatforms) = preSolution
		Debug|Any CPU = Debug|Any CPU
		Release|Any CPU = Release|Any CPU
	EndGlobalSection
	GlobalSection(ProjectConfigurationPlatforms) = postSolution
		{D2D076C2-FCC0-4908-9007-19E87BF7A644}.Debug|Any CPU.ActiveCfg = Debug|Any CPU
		{D2D076C2-FCC0-4908-9007-19E87BF7A644}.Debug|Any CPU.Build.0 = Debug|Any CPU
		{D2D076C2-FCC0-4908-9007-19E87BF7A644}.Release|Any CPU.ActiveCfg = Release|Any CPU
		{D2D076C2-FCC0-4908-9007-19E87BF7A644}.Release|Any CPU.Build.0 = Release|Any CPU
		{5ECE0633-74F1-46A3-A341-F606FBD3581B}.Debug|Any CPU.ActiveCfg = Debug|Any CPU
		{5ECE0633-74F1-46A3-A341-F606FBD3581B}.Debug|Any CPU.Build.0 = Debug|Any CPU
		{5ECE0633-74F1-46A3-A341-F606FBD3581B}.Release|Any CPU.ActiveCfg = Release|Any CPU
		{5ECE0633-74F1-46A3-A341-F606FBD3581B}.Release|Any CPU.Build.0 = Release|Any CPU
		{CF90295E-F92C-4198-AAAA-9D219D42B0E4}.Debug|Any CPU.ActiveCfg = Debug|Any CPU
		{CF90295E-F92C-4198-AAAA-9D219D42B0E4}.Debug|Any CPU.Build.0 = Debug|Any CPU
		{CF90295E-F92C-4198-AAAA-9D219D42B0E4}.Release|Any CPU.ActiveCfg = Release|Any CPU
		{CF90295E-F92C-4198-AAAA-9D219D42B0E4}.Release|Any CPU.Build.0 = Release|Any CPU
		{4F29E4F3-70F3-4C2A-B958-A60FF467626A}.Debug|Any CPU.ActiveCfg = Debug|Any CPU
		{4F29E4F3-70F3-4C2A-B958-A60FF467626A}.Debug|Any CPU.Build.0 = Debug|Any CPU
		{4F29E4F3-70F3-4C2A-B958-A60FF467626A}.Release|Any CPU.ActiveCfg = Release|Any CPU
		{4F29E4F3-70F3-4C2A-B958-A60FF467626A}.Release|Any CPU.Build.0 = Release|Any CPU
		{03A6AB99-AC29-409D-80DA-44BA94D6ED76}.Debug|Any CPU.ActiveCfg = Debug|Any CPU
		{03A6AB99-AC29-409D-80DA-44BA94D6ED76}.Debug|Any CPU.Build.0 = Debug|Any CPU
		{03A6AB99-AC29-409D-80DA-44BA94D6ED76}.Release|Any CPU.ActiveCfg = Release|Any CPU
		{03A6AB99-AC29-409D-80DA-44BA94D6ED76}.Release|Any CPU.Build.0 = Release|Any CPU
		{90BA6F49-BF60-4D86-B1DE-8DE62E44E8D0}.Debug|Any CPU.ActiveCfg = Debug|Any CPU
		{90BA6F49-BF60-4D86-B1DE-8DE62E44E8D0}.Debug|Any CPU.Build.0 = Debug|Any CPU
		{90BA6F49-BF60-4D86-B1DE-8DE62E44E8D0}.Release|Any CPU.ActiveCfg = Release|Any CPU
		{90BA6F49-BF60-4D86-B1DE-8DE62E44E8D0}.Release|Any CPU.Build.0 = Release|Any CPU
		{26E090A3-1289-4A1E-A47F-CDA314CD82B4}.Debug|Any CPU.ActiveCfg = Debug|Any CPU
		{26E090A3-1289-4A1E-A47F-CDA314CD82B4}.Debug|Any CPU.Build.0 = Debug|Any CPU
		{26E090A3-1289-4A1E-A47F-CDA314CD82B4}.Release|Any CPU.ActiveCfg = Release|Any CPU
		{26E090A3-1289-4A1E-A47F-CDA314CD82B4}.Release|Any CPU.Build.0 = Release|Any CPU
		{26D9C32A-0CED-404D-8477-1A554C8CCB48}.Debug|Any CPU.ActiveCfg = Debug|Any CPU
		{26D9C32A-0CED-404D-8477-1A554C8CCB48}.Debug|Any CPU.Build.0 = Debug|Any CPU
		{26D9C32A-0CED-404D-8477-1A554C8CCB48}.Release|Any CPU.ActiveCfg = Release|Any CPU
		{26D9C32A-0CED-404D-8477-1A554C8CCB48}.Release|Any CPU.Build.0 = Release|Any CPU
		{54F609CD-6E3A-4ED6-8E3E-53DCD597F7F4}.Debug|Any CPU.ActiveCfg = Debug|Any CPU
		{54F609CD-6E3A-4ED6-8E3E-53DCD597F7F4}.Debug|Any CPU.Build.0 = Debug|Any CPU
		{54F609CD-6E3A-4ED6-8E3E-53DCD597F7F4}.Release|Any CPU.ActiveCfg = Release|Any CPU
		{54F609CD-6E3A-4ED6-8E3E-53DCD597F7F4}.Release|Any CPU.Build.0 = Release|Any CPU
		{37C51439-7225-4AA9-92B0-49E1E6FBCC6D}.Debug|Any CPU.ActiveCfg = Debug|Any CPU
		{37C51439-7225-4AA9-92B0-49E1E6FBCC6D}.Debug|Any CPU.Build.0 = Debug|Any CPU
		{37C51439-7225-4AA9-92B0-49E1E6FBCC6D}.Release|Any CPU.ActiveCfg = Release|Any CPU
		{37C51439-7225-4AA9-92B0-49E1E6FBCC6D}.Release|Any CPU.Build.0 = Release|Any CPU
		{973AFEAF-CEF4-4B62-AA9C-F0FA4375F4A7}.Debug|Any CPU.ActiveCfg = Debug|Any CPU
		{973AFEAF-CEF4-4B62-AA9C-F0FA4375F4A7}.Debug|Any CPU.Build.0 = Debug|Any CPU
		{973AFEAF-CEF4-4B62-AA9C-F0FA4375F4A7}.Release|Any CPU.ActiveCfg = Release|Any CPU
		{973AFEAF-CEF4-4B62-AA9C-F0FA4375F4A7}.Release|Any CPU.Build.0 = Release|Any CPU
		{D0D90F87-AC09-44BA-B637-E71627386572}.Debug|Any CPU.ActiveCfg = Debug|Any CPU
		{D0D90F87-AC09-44BA-B637-E71627386572}.Debug|Any CPU.Build.0 = Debug|Any CPU
		{D0D90F87-AC09-44BA-B637-E71627386572}.Release|Any CPU.ActiveCfg = Release|Any CPU
		{D0D90F87-AC09-44BA-B637-E71627386572}.Release|Any CPU.Build.0 = Release|Any CPU
		{51F5A814-6042-4D64-8A29-F320D5474EE2}.Debug|Any CPU.ActiveCfg = Debug|Any CPU
		{51F5A814-6042-4D64-8A29-F320D5474EE2}.Debug|Any CPU.Build.0 = Debug|Any CPU
		{51F5A814-6042-4D64-8A29-F320D5474EE2}.Release|Any CPU.ActiveCfg = Release|Any CPU
		{51F5A814-6042-4D64-8A29-F320D5474EE2}.Release|Any CPU.Build.0 = Release|Any CPU
		{79C2FC0F-00CA-4A4C-AA36-A99D98FB5991}.Debug|Any CPU.ActiveCfg = Debug|Any CPU
		{79C2FC0F-00CA-4A4C-AA36-A99D98FB5991}.Debug|Any CPU.Build.0 = Debug|Any CPU
		{79C2FC0F-00CA-4A4C-AA36-A99D98FB5991}.Release|Any CPU.ActiveCfg = Release|Any CPU
		{79C2FC0F-00CA-4A4C-AA36-A99D98FB5991}.Release|Any CPU.Build.0 = Release|Any CPU
		{E2EA68A5-D253-4060-96AA-CA853C74C7E0}.Debug|Any CPU.ActiveCfg = Debug|Any CPU
		{E2EA68A5-D253-4060-96AA-CA853C74C7E0}.Debug|Any CPU.Build.0 = Debug|Any CPU
		{E2EA68A5-D253-4060-96AA-CA853C74C7E0}.Release|Any CPU.ActiveCfg = Release|Any CPU
		{E2EA68A5-D253-4060-96AA-CA853C74C7E0}.Release|Any CPU.Build.0 = Release|Any CPU
		{7477DFCC-BDDC-498A-A5E7-34E876DE64C2}.Debug|Any CPU.ActiveCfg = Debug|Any CPU
		{7477DFCC-BDDC-498A-A5E7-34E876DE64C2}.Debug|Any CPU.Build.0 = Debug|Any CPU
		{7477DFCC-BDDC-498A-A5E7-34E876DE64C2}.Release|Any CPU.ActiveCfg = Release|Any CPU
		{7477DFCC-BDDC-498A-A5E7-34E876DE64C2}.Release|Any CPU.Build.0 = Release|Any CPU
		{9DD7AAC8-0F26-4D0A-9AE3-5AD5D8DB7B87}.Debug|Any CPU.ActiveCfg = Debug|Any CPU
		{9DD7AAC8-0F26-4D0A-9AE3-5AD5D8DB7B87}.Debug|Any CPU.Build.0 = Debug|Any CPU
		{9DD7AAC8-0F26-4D0A-9AE3-5AD5D8DB7B87}.Release|Any CPU.ActiveCfg = Release|Any CPU
		{9DD7AAC8-0F26-4D0A-9AE3-5AD5D8DB7B87}.Release|Any CPU.Build.0 = Release|Any CPU
		{A485C9B6-2348-4A6C-9BEC-445BC0ED1CA7}.Debug|Any CPU.ActiveCfg = Debug|Any CPU
		{A485C9B6-2348-4A6C-9BEC-445BC0ED1CA7}.Debug|Any CPU.Build.0 = Debug|Any CPU
		{A485C9B6-2348-4A6C-9BEC-445BC0ED1CA7}.Release|Any CPU.ActiveCfg = Release|Any CPU
		{A485C9B6-2348-4A6C-9BEC-445BC0ED1CA7}.Release|Any CPU.Build.0 = Release|Any CPU
		{2ECFEF64-F757-448E-BF02-0EECD746CDB4}.Debug|Any CPU.ActiveCfg = Debug|Any CPU
		{2ECFEF64-F757-448E-BF02-0EECD746CDB4}.Debug|Any CPU.Build.0 = Debug|Any CPU
		{2ECFEF64-F757-448E-BF02-0EECD746CDB4}.Release|Any CPU.ActiveCfg = Release|Any CPU
		{2ECFEF64-F757-448E-BF02-0EECD746CDB4}.Release|Any CPU.Build.0 = Release|Any CPU
		{A9EEBA66-1919-4858-8E76-F8657CAFD03E}.Debug|Any CPU.ActiveCfg = Debug|Any CPU
		{A9EEBA66-1919-4858-8E76-F8657CAFD03E}.Debug|Any CPU.Build.0 = Debug|Any CPU
		{A9EEBA66-1919-4858-8E76-F8657CAFD03E}.Release|Any CPU.ActiveCfg = Release|Any CPU
		{A9EEBA66-1919-4858-8E76-F8657CAFD03E}.Release|Any CPU.Build.0 = Release|Any CPU
		{6E48906E-AE49-449B-916D-72F0CECFBAE4}.Debug|Any CPU.ActiveCfg = Debug|Any CPU
		{6E48906E-AE49-449B-916D-72F0CECFBAE4}.Debug|Any CPU.Build.0 = Debug|Any CPU
		{6E48906E-AE49-449B-916D-72F0CECFBAE4}.Release|Any CPU.ActiveCfg = Release|Any CPU
		{6E48906E-AE49-449B-916D-72F0CECFBAE4}.Release|Any CPU.Build.0 = Release|Any CPU
		{714DE6CF-44DD-4E4B-ACEC-D3D902F0639E}.Debug|Any CPU.ActiveCfg = Debug|Any CPU
		{714DE6CF-44DD-4E4B-ACEC-D3D902F0639E}.Debug|Any CPU.Build.0 = Debug|Any CPU
		{714DE6CF-44DD-4E4B-ACEC-D3D902F0639E}.Release|Any CPU.ActiveCfg = Release|Any CPU
		{714DE6CF-44DD-4E4B-ACEC-D3D902F0639E}.Release|Any CPU.Build.0 = Release|Any CPU
		{8BDE4317-F2FE-48FD-AE8C-27F469476FF1}.Debug|Any CPU.ActiveCfg = Debug|Any CPU
		{8BDE4317-F2FE-48FD-AE8C-27F469476FF1}.Debug|Any CPU.Build.0 = Debug|Any CPU
		{8BDE4317-F2FE-48FD-AE8C-27F469476FF1}.Release|Any CPU.ActiveCfg = Release|Any CPU
		{8BDE4317-F2FE-48FD-AE8C-27F469476FF1}.Release|Any CPU.Build.0 = Release|Any CPU
	EndGlobalSection
	GlobalSection(SolutionProperties) = preSolution
		HideSolutionNode = FALSE
	EndGlobalSection
	GlobalSection(NestedProjects) = preSolution
		{0B18BA5F-EC61-461D-A1F3-D7D5B74B68A6} = {91A4AD7C-779D-4399-92E4-5323B9BD40FD}
		{51F5A814-6042-4D64-8A29-F320D5474EE2} = {91A4AD7C-779D-4399-92E4-5323B9BD40FD}
		{79C2FC0F-00CA-4A4C-AA36-A99D98FB5991} = {91A4AD7C-779D-4399-92E4-5323B9BD40FD}
		{E2EA68A5-D253-4060-96AA-CA853C74C7E0} = {91A4AD7C-779D-4399-92E4-5323B9BD40FD}
		{7477DFCC-BDDC-498A-A5E7-34E876DE64C2} = {91A4AD7C-779D-4399-92E4-5323B9BD40FD}
		{9DD7AAC8-0F26-4D0A-9AE3-5AD5D8DB7B87} = {91A4AD7C-779D-4399-92E4-5323B9BD40FD}
		{A485C9B6-2348-4A6C-9BEC-445BC0ED1CA7} = {91A4AD7C-779D-4399-92E4-5323B9BD40FD}
		{2ECFEF64-F757-448E-BF02-0EECD746CDB4} = {91A4AD7C-779D-4399-92E4-5323B9BD40FD}
		{A9EEBA66-1919-4858-8E76-F8657CAFD03E} = {91A4AD7C-779D-4399-92E4-5323B9BD40FD}
		{6E48906E-AE49-449B-916D-72F0CECFBAE4} = {91A4AD7C-779D-4399-92E4-5323B9BD40FD}
		{714DE6CF-44DD-4E4B-ACEC-D3D902F0639E} = {91A4AD7C-779D-4399-92E4-5323B9BD40FD}
		{8BDE4317-F2FE-48FD-AE8C-27F469476FF1} = {91A4AD7C-779D-4399-92E4-5323B9BD40FD}
	EndGlobalSection
	GlobalSection(ExtensibilityGlobals) = postSolution
		SolutionGuid = {729D4F44-0236-45DD-B26E-9DEE0CA5908A}
	EndGlobalSection
EndGlobal
