
Microsoft Visual Studio Solution File, Format Version 12.00
# Visual Studio Version 17
VisualStudioVersion = 17.0.31903.59
MinimumVisualStudioVersion = 10.0.40219.1
Project("{9A19103F-16F7-4668-BE54-9A1E7A4F7556}") = "Shashlik.EventBus.MySql", "Shashlik.EventBus.MySql\Shashlik.EventBus.MySql.csproj", "{D2D076C2-FCC0-4908-9007-19E87BF7A644}"
EndProject
Project("{9A19103F-16F7-4668-BE54-9A1E7A4F7556}") = "Shashlik.EventBus.RabbitMQ", "Shashlik.EventBus.RabbitMQ\Shashlik.EventBus.RabbitMQ.csproj", "{5ECE0633-74F1-46A3-A341-F606FBD3581B}"
EndProject
Project("{9A19103F-16F7-4668-BE54-9A1E7A4F7556}") = "Shashlik.EventBus.Abstract", "Shashlik.EventBus.Abstract\Shashlik.EventBus.Abstract.csproj", "{CF90295E-F92C-4198-AAAA-9D219D42B0E4}"
EndProject
Project("{9A19103F-16F7-4668-BE54-9A1E7A4F7556}") = "Shashlik.EventBus", "Shashlik.EventBus\Shashlik.EventBus.csproj", "{4F29E4F3-70F3-4C2A-B958-A60FF467626A}"
EndProject
Project("{2150E333-8FDC-42A3-9474-1A3956D46DE8}") = ".github", ".github", "{D22B2A9A-73F7-46DF-8395-5874FD1447B6}"
	ProjectSection(SolutionItems) = preProject
		..\common.xml = ..\common.xml
		..\.github\workflows\nuget-push.yml = ..\.github\workflows\nuget-push.yml
		..\.github\workflows\test.yml = ..\.github\workflows\test.yml
	EndProjectSection
EndProject
Project("{9A19103F-16F7-4668-BE54-9A1E7A4F7556}") = "Shashlik.EventBus.Kafka", "Shashlik.EventBus.Kafka\Shashlik.EventBus.Kafka.csproj", "{03A6AB99-AC29-409D-80DA-44BA94D6ED76}"
EndProject
Project("{9A19103F-16F7-4668-BE54-9A1E7A4F7556}") = "Shashlik.EventBus.PostgreSQL", "Shashlik.EventBus.PostgreSQL\Shashlik.EventBus.PostgreSQL.csproj", "{90BA6F49-BF60-4D86-B1DE-8DE62E44E8D0}"
EndProject
Project("{9A19103F-16F7-4668-BE54-9A1E7A4F7556}") = "Shashlik.EventBus.MemoryQueue", "Shashlik.EventBus.MemoryQueue\Shashlik.EventBus.MemoryQueue.csproj", "{26E090A3-1289-4A1E-A47F-CDA314CD82B4}"
EndProject
Project("{9A19103F-16F7-4668-BE54-9A1E7A4F7556}") = "Shashlik.EventBus.MemoryStorage", "Shashlik.EventBus.MemoryStorage\Shashlik.EventBus.MemoryStorage.csproj", "{26D9C32A-0CED-404D-8477-1A554C8CCB48}"
EndProject
Project("{9A19103F-16F7-4668-BE54-9A1E7A4F7556}") = "Shashlik.EventBus.SqlServer", "Shashlik.EventBus.SqlServer\Shashlik.EventBus.SqlServer.csproj", "{54F609CD-6E3A-4ED6-8E3E-53DCD597F7F4}"
EndProject
Project("{9A19103F-16F7-4668-BE54-9A1E7A4F7556}") = "Shashlik.EventBus.RelationDbStorage", "Shashlik.EventBus.RelationDbStorage\Shashlik.EventBus.RelationDbStorage.csproj", "{37C51439-7225-4AA9-92B0-49E1E6FBCC6D}"
EndProject
Project("{9A19103F-16F7-4668-BE54-9A1E7A4F7556}") = "Shashlik.EventBus.Extensions.EfCore", "Shashlik.EventBus.Extensions.EfCore\Shashlik.EventBus.Extensions.EfCore.csproj", "{973AFEAF-CEF4-4B62-AA9C-F0FA4375F4A7}"
EndProject
Project("{2150E333-8FDC-42A3-9474-1A3956D46DE8}") = "tests", "tests", "{91A4AD7C-779D-4399-92E4-5323B9BD40FD}"
EndProject
Project("{9A19103F-16F7-4668-BE54-9A1E7A4F7556}") = "Shashlik.EventBus.Tests", "Shashlik.EventBus.Tests\Shashlik.EventBus.Tests.csproj", "{686D1D39-ABC7-4246-BF1D-EA6DAF204C91}"
EndProject
Project("{9A19103F-16F7-4668-BE54-9A1E7A4F7556}") = "Shashlik.EventBus.MySql.Tests", "Shashlik.EventBus.MySql.Tests\Shashlik.EventBus.MySql.Tests.csproj", "{5D3818FB-977D-41FA-8338-882189F63A73}"
EndProject
Project("{9A19103F-16F7-4668-BE54-9A1E7A4F7556}") = "Shashlik.EventBus.SqlServer.Tests", "Shashlik.EventBus.SqlServer.Tests\Shashlik.EventBus.SqlServer.Tests.csproj", "{DDD1889A-5984-45EC-8928-9096E0C01EFC}"
EndProject
Project("{9A19103F-16F7-4668-BE54-9A1E7A4F7556}") = "Shashlik.EventBus.PostgreSQL.Tests", "Shashlik.EventBus.PostgreSQL.Tests\Shashlik.EventBus.PostgreSQL.Tests.csproj", "{7F528759-7244-4305-AD4E-2186DADE56E0}"
EndProject
Project("{9A19103F-16F7-4668-BE54-9A1E7A4F7556}") = "Shashlik.EventBus.MemoryStorage.Tests", "Shashlik.EventBus.MemoryStorage.Tests\Shashlik.EventBus.MemoryStorage.Tests.csproj", "{D9BCE1DD-38FA-415E-BB0D-1AC2FF40E23F}"
EndProject
Project("{2150E333-8FDC-42A3-9474-1A3956D46DE8}") = ".doc", ".doc", "{B0E67A7A-EF6C-4BB3-A35C-785B337740FF}"
	ProjectSection(SolutionItems) = preProject
		..\README.md = ..\README.md
	EndProjectSection
EndProject
Project("{9A19103F-16F7-4668-BE54-9A1E7A4F7556}") = "Shashlik.EventBus.Kafka.Tests", "Shashlik.EventBus.Kafka.Tests\Shashlik.EventBus.Kafka.Tests.csproj", "{74246444-F0BF-41E0-95E0-F24EB5862463}"
EndProject
Project("{9A19103F-16F7-4668-BE54-9A1E7A4F7556}") = "Shashlik.EventBus.RabbitMQ.Tests", "Shashlik.EventBus.RabbitMQ.Tests\Shashlik.EventBus.RabbitMQ.Tests.csproj", "{CC9F82FF-DFB4-4509-8D1E-354958F56ECF}"
EndProject
Project("{9A19103F-16F7-4668-BE54-9A1E7A4F7556}") = "CommonTestLogical", "CommonTestLogical\CommonTestLogical.csproj", "{EB0AAF0B-1DFF-4629-A841-9B8B471E0411}"
EndProject
Project("{9A19103F-16F7-4668-BE54-9A1E7A4F7556}") = "Shashlik.EventBus.Kafka.MsgWithoutLosing.Tests", "Shashlik.EventBus.Kafka.MsgWithoutLosing.Tests\Shashlik.EventBus.Kafka.MsgWithoutLosing.Tests.csproj", "{4B8141D9-AF48-4D97-84A7-61D33A7FAA3E}"
EndProject
Project("{9A19103F-16F7-4668-BE54-9A1E7A4F7556}") = "Shashlik.EventBus.RabbitMQ.MsgWithoutLosing.Tests", "Shashlik.EventBus.RabbitMQ.MsgWithoutLosing.Tests\Shashlik.EventBus.RabbitMQ.MsgWithoutLosing.Tests.csproj", "{8216FE05-055B-49A2-958F-F6FC9E010791}"
EndProject
Project("{9A19103F-16F7-4668-BE54-9A1E7A4F7556}") = "Shashlik.EventBus.SendMsgWithoutLosing.Tests", "Shashlik.EventBus.SendMsgWithoutLosing.Tests\Shashlik.EventBus.SendMsgWithoutLosing.Tests.csproj", "{0E9DA5D0-90E3-459A-ABEB-9B94AB5B21E6}"
EndProject
Project("{9A19103F-16F7-4668-BE54-9A1E7A4F7556}") = "Shashlik.Sms.EventBus", "Shashlik.Sms.EventBus\Shashlik.Sms.EventBus.csproj", "{35B3DF7D-6B3C-48C4-B005-B5BB94E03AB4}"
EndProject
Project("{2150E333-8FDC-42A3-9474-1A3956D46DE8}") = "config", "config", "{0B18BA5F-EC61-461D-A1F3-D7D5B74B68A6}"
ProjectSection(SolutionItems) = preProject
	config.test.yaml = config.test.yaml
	config.test.local.yaml = config.test.local.yaml
EndProjectSection
EndProject
Global
	GlobalSection(SolutionConfigurationPlatforms) = preSolution
		Debug|Any CPU = Debug|Any CPU
		Release|Any CPU = Release|Any CPU
	EndGlobalSection
	GlobalSection(ProjectConfigurationPlatforms) = postSolution
		{D2D076C2-FCC0-4908-9007-19E87BF7A644}.Debug|Any CPU.ActiveCfg = Debug|Any CPU
		{D2D076C2-FCC0-4908-9007-19E87BF7A644}.Debug|Any CPU.Build.0 = Debug|Any CPU
		{D2D076C2-FCC0-4908-9007-19E87BF7A644}.Release|Any CPU.ActiveCfg = Release|Any CPU
		{D2D076C2-FCC0-4908-9007-19E87BF7A644}.Release|Any CPU.Build.0 = Release|Any CPU
		{5ECE0633-74F1-46A3-A341-F606FBD3581B}.Debug|Any CPU.ActiveCfg = Debug|Any CPU
		{5ECE0633-74F1-46A3-A341-F606FBD3581B}.Debug|Any CPU.Build.0 = Debug|Any CPU
		{5ECE0633-74F1-46A3-A341-F606FBD3581B}.Release|Any CPU.ActiveCfg = Release|Any CPU
		{5ECE0633-74F1-46A3-A341-F606FBD3581B}.Release|Any CPU.Build.0 = Release|Any CPU
		{CF90295E-F92C-4198-AAAA-9D219D42B0E4}.Debug|Any CPU.ActiveCfg = Debug|Any CPU
		{CF90295E-F92C-4198-AAAA-9D219D42B0E4}.Debug|Any CPU.Build.0 = Debug|Any CPU
		{CF90295E-F92C-4198-AAAA-9D219D42B0E4}.Release|Any CPU.ActiveCfg = Release|Any CPU
		{CF90295E-F92C-4198-AAAA-9D219D42B0E4}.Release|Any CPU.Build.0 = Release|Any CPU
		{4F29E4F3-70F3-4C2A-B958-A60FF467626A}.Debug|Any CPU.ActiveCfg = Debug|Any CPU
		{4F29E4F3-70F3-4C2A-B958-A60FF467626A}.Debug|Any CPU.Build.0 = Debug|Any CPU
		{4F29E4F3-70F3-4C2A-B958-A60FF467626A}.Release|Any CPU.ActiveCfg = Release|Any CPU
		{4F29E4F3-70F3-4C2A-B958-A60FF467626A}.Release|Any CPU.Build.0 = Release|Any CPU
		{03A6AB99-AC29-409D-80DA-44BA94D6ED76}.Debug|Any CPU.ActiveCfg = Debug|Any CPU
		{03A6AB99-AC29-409D-80DA-44BA94D6ED76}.Debug|Any CPU.Build.0 = Debug|Any CPU
		{03A6AB99-AC29-409D-80DA-44BA94D6ED76}.Release|Any CPU.ActiveCfg = Release|Any CPU
		{03A6AB99-AC29-409D-80DA-44BA94D6ED76}.Release|Any CPU.Build.0 = Release|Any CPU
		{90BA6F49-BF60-4D86-B1DE-8DE62E44E8D0}.Debug|Any CPU.ActiveCfg = Debug|Any CPU
		{90BA6F49-BF60-4D86-B1DE-8DE62E44E8D0}.Debug|Any CPU.Build.0 = Debug|Any CPU
		{90BA6F49-BF60-4D86-B1DE-8DE62E44E8D0}.Release|Any CPU.ActiveCfg = Release|Any CPU
		{90BA6F49-BF60-4D86-B1DE-8DE62E44E8D0}.Release|Any CPU.Build.0 = Release|Any CPU
		{26E090A3-1289-4A1E-A47F-CDA314CD82B4}.Debug|Any CPU.ActiveCfg = Debug|Any CPU
		{26E090A3-1289-4A1E-A47F-CDA314CD82B4}.Debug|Any CPU.Build.0 = Debug|Any CPU
		{26E090A3-1289-4A1E-A47F-CDA314CD82B4}.Release|Any CPU.ActiveCfg = Release|Any CPU
		{26E090A3-1289-4A1E-A47F-CDA314CD82B4}.Release|Any CPU.Build.0 = Release|Any CPU
		{26D9C32A-0CED-404D-8477-1A554C8CCB48}.Debug|Any CPU.ActiveCfg = Debug|Any CPU
		{26D9C32A-0CED-404D-8477-1A554C8CCB48}.Debug|Any CPU.Build.0 = Debug|Any CPU
		{26D9C32A-0CED-404D-8477-1A554C8CCB48}.Release|Any CPU.ActiveCfg = Release|Any CPU
		{26D9C32A-0CED-404D-8477-1A554C8CCB48}.Release|Any CPU.Build.0 = Release|Any CPU
		{54F609CD-6E3A-4ED6-8E3E-53DCD597F7F4}.Debug|Any CPU.ActiveCfg = Debug|Any CPU
		{54F609CD-6E3A-4ED6-8E3E-53DCD597F7F4}.Debug|Any CPU.Build.0 = Debug|Any CPU
		{54F609CD-6E3A-4ED6-8E3E-53DCD597F7F4}.Release|Any CPU.ActiveCfg = Release|Any CPU
		{54F609CD-6E3A-4ED6-8E3E-53DCD597F7F4}.Release|Any CPU.Build.0 = Release|Any CPU
		{37C51439-7225-4AA9-92B0-49E1E6FBCC6D}.Debug|Any CPU.ActiveCfg = Debug|Any CPU
		{37C51439-7225-4AA9-92B0-49E1E6FBCC6D}.Debug|Any CPU.Build.0 = Debug|Any CPU
		{37C51439-7225-4AA9-92B0-49E1E6FBCC6D}.Release|Any CPU.ActiveCfg = Release|Any CPU
		{37C51439-7225-4AA9-92B0-49E1E6FBCC6D}.Release|Any CPU.Build.0 = Release|Any CPU
		{973AFEAF-CEF4-4B62-AA9C-F0FA4375F4A7}.Debug|Any CPU.ActiveCfg = Debug|Any CPU
		{973AFEAF-CEF4-4B62-AA9C-F0FA4375F4A7}.Debug|Any CPU.Build.0 = Debug|Any CPU
		{973AFEAF-CEF4-4B62-AA9C-F0FA4375F4A7}.Release|Any CPU.ActiveCfg = Release|Any CPU
		{973AFEAF-CEF4-4B62-AA9C-F0FA4375F4A7}.Release|Any CPU.Build.0 = Release|Any CPU
		{686D1D39-ABC7-4246-BF1D-EA6DAF204C91}.Debug|Any CPU.ActiveCfg = Debug|Any CPU
		{686D1D39-ABC7-4246-BF1D-EA6DAF204C91}.Debug|Any CPU.Build.0 = Debug|Any CPU
		{686D1D39-ABC7-4246-BF1D-EA6DAF204C91}.Release|Any CPU.ActiveCfg = Release|Any CPU
		{686D1D39-ABC7-4246-BF1D-EA6DAF204C91}.Release|Any CPU.Build.0 = Release|Any CPU
		{5D3818FB-977D-41FA-8338-882189F63A73}.Debug|Any CPU.ActiveCfg = Debug|Any CPU
		{5D3818FB-977D-41FA-8338-882189F63A73}.Debug|Any CPU.Build.0 = Debug|Any CPU
		{5D3818FB-977D-41FA-8338-882189F63A73}.Release|Any CPU.ActiveCfg = Release|Any CPU
		{5D3818FB-977D-41FA-8338-882189F63A73}.Release|Any CPU.Build.0 = Release|Any CPU
		{DDD1889A-5984-45EC-8928-9096E0C01EFC}.Debug|Any CPU.ActiveCfg = Debug|Any CPU
		{DDD1889A-5984-45EC-8928-9096E0C01EFC}.Debug|Any CPU.Build.0 = Debug|Any CPU
		{DDD1889A-5984-45EC-8928-9096E0C01EFC}.Release|Any CPU.ActiveCfg = Release|Any CPU
		{DDD1889A-5984-45EC-8928-9096E0C01EFC}.Release|Any CPU.Build.0 = Release|Any CPU
		{7F528759-7244-4305-AD4E-2186DADE56E0}.Debug|Any CPU.ActiveCfg = Debug|Any CPU
		{7F528759-7244-4305-AD4E-2186DADE56E0}.Debug|Any CPU.Build.0 = Debug|Any CPU
		{7F528759-7244-4305-AD4E-2186DADE56E0}.Release|Any CPU.ActiveCfg = Release|Any CPU
		{7F528759-7244-4305-AD4E-2186DADE56E0}.Release|Any CPU.Build.0 = Release|Any CPU
		{D9BCE1DD-38FA-415E-BB0D-1AC2FF40E23F}.Debug|Any CPU.ActiveCfg = Debug|Any CPU
		{D9BCE1DD-38FA-415E-BB0D-1AC2FF40E23F}.Debug|Any CPU.Build.0 = Debug|Any CPU
		{D9BCE1DD-38FA-415E-BB0D-1AC2FF40E23F}.Release|Any CPU.ActiveCfg = Release|Any CPU
		{D9BCE1DD-38FA-415E-BB0D-1AC2FF40E23F}.Release|Any CPU.Build.0 = Release|Any CPU
		{74246444-F0BF-41E0-95E0-F24EB5862463}.Debug|Any CPU.ActiveCfg = Debug|Any CPU
		{74246444-F0BF-41E0-95E0-F24EB5862463}.Debug|Any CPU.Build.0 = Debug|Any CPU
		{74246444-F0BF-41E0-95E0-F24EB5862463}.Release|Any CPU.ActiveCfg = Release|Any CPU
		{74246444-F0BF-41E0-95E0-F24EB5862463}.Release|Any CPU.Build.0 = Release|Any CPU
		{CC9F82FF-DFB4-4509-8D1E-354958F56ECF}.Debug|Any CPU.ActiveCfg = Debug|Any CPU
		{CC9F82FF-DFB4-4509-8D1E-354958F56ECF}.Debug|Any CPU.Build.0 = Debug|Any CPU
		{CC9F82FF-DFB4-4509-8D1E-354958F56ECF}.Release|Any CPU.ActiveCfg = Release|Any CPU
		{CC9F82FF-DFB4-4509-8D1E-354958F56ECF}.Release|Any CPU.Build.0 = Release|Any CPU
		{EB0AAF0B-1DFF-4629-A841-9B8B471E0411}.Debug|Any CPU.ActiveCfg = Debug|Any CPU
		{EB0AAF0B-1DFF-4629-A841-9B8B471E0411}.Debug|Any CPU.Build.0 = Debug|Any CPU
		{EB0AAF0B-1DFF-4629-A841-9B8B471E0411}.Release|Any CPU.ActiveCfg = Release|Any CPU
		{EB0AAF0B-1DFF-4629-A841-9B8B471E0411}.Release|Any CPU.Build.0 = Release|Any CPU
		{4B8141D9-AF48-4D97-84A7-61D33A7FAA3E}.Debug|Any CPU.ActiveCfg = Debug|Any CPU
		{4B8141D9-AF48-4D97-84A7-61D33A7FAA3E}.Debug|Any CPU.Build.0 = Debug|Any CPU
		{4B8141D9-AF48-4D97-84A7-61D33A7FAA3E}.Release|Any CPU.ActiveCfg = Release|Any CPU
		{4B8141D9-AF48-4D97-84A7-61D33A7FAA3E}.Release|Any CPU.Build.0 = Release|Any CPU
		{8216FE05-055B-49A2-958F-F6FC9E010791}.Debug|Any CPU.ActiveCfg = Debug|Any CPU
		{8216FE05-055B-49A2-958F-F6FC9E010791}.Debug|Any CPU.Build.0 = Debug|Any CPU
		{8216FE05-055B-49A2-958F-F6FC9E010791}.Release|Any CPU.ActiveCfg = Release|Any CPU
		{8216FE05-055B-49A2-958F-F6FC9E010791}.Release|Any CPU.Build.0 = Release|Any CPU
		{0E9DA5D0-90E3-459A-ABEB-9B94AB5B21E6}.Debug|Any CPU.ActiveCfg = Debug|Any CPU
		{0E9DA5D0-90E3-459A-ABEB-9B94AB5B21E6}.Debug|Any CPU.Build.0 = Debug|Any CPU
		{0E9DA5D0-90E3-459A-ABEB-9B94AB5B21E6}.Release|Any CPU.ActiveCfg = Release|Any CPU
		{0E9DA5D0-90E3-459A-ABEB-9B94AB5B21E6}.Release|Any CPU.Build.0 = Release|Any CPU
		{35B3DF7D-6B3C-48C4-B005-B5BB94E03AB4}.Debug|Any CPU.ActiveCfg = Debug|Any CPU
		{35B3DF7D-6B3C-48C4-B005-B5BB94E03AB4}.Debug|Any CPU.Build.0 = Debug|Any CPU
		{35B3DF7D-6B3C-48C4-B005-B5BB94E03AB4}.Release|Any CPU.ActiveCfg = Release|Any CPU
		{35B3DF7D-6B3C-48C4-B005-B5BB94E03AB4}.Release|Any CPU.Build.0 = Release|Any CPU
	EndGlobalSection
	GlobalSection(SolutionProperties) = preSolution
		HideSolutionNode = FALSE
	EndGlobalSection
	GlobalSection(NestedProjects) = preSolution
		{686D1D39-ABC7-4246-BF1D-EA6DAF204C91} = {91A4AD7C-779D-4399-92E4-5323B9BD40FD}
		{5D3818FB-977D-41FA-8338-882189F63A73} = {91A4AD7C-779D-4399-92E4-5323B9BD40FD}
		{DDD1889A-5984-45EC-8928-9096E0C01EFC} = {91A4AD7C-779D-4399-92E4-5323B9BD40FD}
		{7F528759-7244-4305-AD4E-2186DADE56E0} = {91A4AD7C-779D-4399-92E4-5323B9BD40FD}
		{D9BCE1DD-38FA-415E-BB0D-1AC2FF40E23F} = {91A4AD7C-779D-4399-92E4-5323B9BD40FD}
		{74246444-F0BF-41E0-95E0-F24EB5862463} = {91A4AD7C-779D-4399-92E4-5323B9BD40FD}
		{CC9F82FF-DFB4-4509-8D1E-354958F56ECF} = {91A4AD7C-779D-4399-92E4-5323B9BD40FD}
		{EB0AAF0B-1DFF-4629-A841-9B8B471E0411} = {91A4AD7C-779D-4399-92E4-5323B9BD40FD}
		{4B8141D9-AF48-4D97-84A7-61D33A7FAA3E} = {91A4AD7C-779D-4399-92E4-5323B9BD40FD}
		{8216FE05-055B-49A2-958F-F6FC9E010791} = {91A4AD7C-779D-4399-92E4-5323B9BD40FD}
		{0E9DA5D0-90E3-459A-ABEB-9B94AB5B21E6} = {91A4AD7C-779D-4399-92E4-5323B9BD40FD}
		{0B18BA5F-EC61-461D-A1F3-D7D5B74B68A6} = {91A4AD7C-779D-4399-92E4-5323B9BD40FD}
	EndGlobalSection
	GlobalSection(ExtensibilityGlobals) = postSolution
		SolutionGuid = {729D4F44-0236-45DD-B26E-9DEE0CA5908A}
	EndGlobalSection
EndGlobal
